
Microsoft Visual Studio Solution File, Format Version 12.00
# Visual Studio Version 17
VisualStudioVersion = 17.11.35312.102
MinimumVisualStudioVersion = 10.0.40219.1
Project("{FAE04EC0-301F-11D3-BF4B-00C04F79EFBC}") = "homework2", "homework2\homework2.csproj", "{5340E7E1-E0C4-4FD1-BEF7-E46D88220CB9}"
EndProject
Global
	GlobalSection(SolutionConfigurationPlatforms) = preSolution
		Debug|Any CPU = Debug|Any CPU
		Release|Any CPU = Release|Any CPU
	EndGlobalSection
	GlobalSection(ProjectConfigurationPlatforms) = postSolution
		{5340E7E1-E0C4-4FD1-BEF7-E46D88220CB9}.Debug|Any CPU.ActiveCfg = Debug|Any CPU
		{5340E7E1-E0C4-4FD1-BEF7-E46D88220CB9}.Debug|Any CPU.Build.0 = Debug|Any CPU
		{5340E7E1-E0C4-4FD1-BEF7-E46D88220CB9}.Release|Any CPU.ActiveCfg = Release|Any CPU
		{5340E7E1-E0C4-4FD1-BEF7-E46D88220CB9}.Release|Any CPU.Build.0 = Release|Any CPU
	EndGlobalSection
	GlobalSection(SolutionProperties) = preSolution
		HideSolutionNode = FALSE
	EndGlobalSection
	GlobalSection(ExtensibilityGlobals) = postSolution
		SolutionGuid = {560E6C63-8541-428A-8B82-4DED069BFA31}
	EndGlobalSection
EndGlobal
