
Microsoft Visual Studio Solution File, Format Version 12.00
# Visual Studio Version 17
VisualStudioVersion = 17.11.35312.102
MinimumVisualStudioVersion = 10.0.40219.1
Project("{FAE04EC0-301F-11D3-BF4B-00C04F79EFBC}") = "homework2", "homework2\homework2.csproj", "{CD36B130-AD29-4EB4-B3DC-B2D768471DE2}"
EndProject
Global
	GlobalSection(SolutionConfigurationPlatforms) = preSolution
		Debug|Any CPU = Debug|Any CPU
		Release|Any CPU = Release|Any CPU
	EndGlobalSection
	GlobalSection(ProjectConfigurationPlatforms) = postSolution
		{CD36B130-AD29-4EB4-B3DC-B2D768471DE2}.Debug|Any CPU.ActiveCfg = Debug|Any CPU
		{CD36B130-AD29-4EB4-B3DC-B2D768471DE2}.Debug|Any CPU.Build.0 = Debug|Any CPU
		{CD36B130-AD29-4EB4-B3DC-B2D768471DE2}.Release|Any CPU.ActiveCfg = Release|Any CPU
		{CD36B130-AD29-4EB4-B3DC-B2D768471DE2}.Release|Any CPU.Build.0 = Release|Any CPU
	EndGlobalSection
	GlobalSection(SolutionProperties) = preSolution
		HideSolutionNode = FALSE
	EndGlobalSection
	GlobalSection(ExtensibilityGlobals) = postSolution
		SolutionGuid = {251DD1B7-E55F-4C26-BF2F-1CDFB502C6EA}
	EndGlobalSection
EndGlobal
