
Microsoft Visual Studio Solution File, Format Version 12.00
# Visual Studio Version 17
VisualStudioVersion = 17.11.35312.102
MinimumVisualStudioVersion = 10.0.40219.1
Project("{FAE04EC0-301F-11D3-BF4B-00C04F79EFBC}") = "homework", "homework\homework.csproj", "{3DF3222E-C24A-491C-9E02-28F261057C1E}"
EndProject
Project("{FAE04EC0-301F-11D3-BF4B-00C04F79EFBC}") = "OrderManagementAPI", "OrderManagementAPI\OrderManagementAPI.csproj", "{C2124B94-4F03-464B-BAB2-710CEA2194A9}"
EndProject
Global
	GlobalSection(SolutionConfigurationPlatforms) = preSolution
		Debug|Any CPU = Debug|Any CPU
		Release|Any CPU = Release|Any CPU
	EndGlobalSection
	GlobalSection(ProjectConfigurationPlatforms) = postSolution
		{3DF3222E-C24A-491C-9E02-28F261057C1E}.Debug|Any CPU.ActiveCfg = Debug|Any CPU
		{3DF3222E-C24A-491C-9E02-28F261057C1E}.Debug|Any CPU.Build.0 = Debug|Any CPU
		{3DF3222E-C24A-491C-9E02-28F261057C1E}.Release|Any CPU.ActiveCfg = Release|Any CPU
		{3DF3222E-C24A-491C-9E02-28F261057C1E}.Release|Any CPU.Build.0 = Release|Any CPU
		{C2124B94-4F03-464B-BAB2-710CEA2194A9}.Debug|Any CPU.ActiveCfg = Debug|Any CPU
		{C2124B94-4F03-464B-BAB2-710CEA2194A9}.Debug|Any CPU.Build.0 = Debug|Any CPU
		{C2124B94-4F03-464B-BAB2-710CEA2194A9}.Release|Any CPU.ActiveCfg = Release|Any CPU
		{C2124B94-4F03-464B-BAB2-710CEA2194A9}.Release|Any CPU.Build.0 = Release|Any CPU
	EndGlobalSection
	GlobalSection(SolutionProperties) = preSolution
		HideSolutionNode = FALSE
	EndGlobalSection
	GlobalSection(ExtensibilityGlobals) = postSolution
		SolutionGuid = {E7D5E060-BCEA-49DC-89E3-75EB22D5185F}
	EndGlobalSection
EndGlobal
